
Microsoft Visual Studio Solution File, Format Version 11.00
# Visual Studio 2010
Project("{FAE04EC0-301F-11D3-BF4B-00C04F79EFBC}") = "Assembly-CSharp", "Assembly-CSharp.csproj", "{44fe01fc-f4d7-83da-ee91-2ca8d3f102a6}"
EndProject
Project("{FAE04EC0-301F-11D3-BF4B-00C04F79EFBC}") = "Assembly-CSharp-Editor", "Assembly-CSharp-Editor.csproj", "{50368e22-cee6-abdb-419d-193f14560601}"
EndProject
Global
	GlobalSection(SolutionConfigurationPlatforms) = preSolution
		Debug|Any CPU = Debug|Any CPU
	EndGlobalSection
	GlobalSection(ProjectConfigurationPlatforms) = postSolution
		{44fe01fc-f4d7-83da-ee91-2ca8d3f102a6}.Debug|Any CPU.ActiveCfg = Debug|Any CPU
		{44fe01fc-f4d7-83da-ee91-2ca8d3f102a6}.Debug|Any CPU.Build.0 = Debug|Any CPU
		{50368e22-cee6-abdb-419d-193f14560601}.Debug|Any CPU.ActiveCfg = Debug|Any CPU
		{50368e22-cee6-abdb-419d-193f14560601}.Debug|Any CPU.Build.0 = Debug|Any CPU
	EndGlobalSection
	GlobalSection(SolutionProperties) = preSolution
		HideSolutionNode = FALSE
	EndGlobalSection
EndGlobal
